<?xml version="1.0" encoding="UTF-8" standalone="yes" ?>
<CodeBlocks_project_file>
	<FileVersion major="1" minor="6" />
	<Project>
		<Option title="openxfem" />
		<Option pch_mode="2" />
		<Option compiler="gcc" />
		<Build>
			<Target title="Debug">
				<Option output="bin\Debug\openxfem" prefix_auto="1" extension_auto="1" />
				<Option object_output="obj\Debug\" />
				<Option type="1" />
				<Option compiler="gcc" />
				<Compiler>
					<Add option="-g" />
				</Compiler>
			</Target>
			<Target title="Release">
				<Option output="bin\Release\openxfem" prefix_auto="1" extension_auto="1" />
				<Option object_output="obj\Release\" />
				<Option type="1" />
				<Option compiler="gcc" />
				<Compiler>
					<Add option="-O2" />
				</Compiler>
				<Linker>
					<Add option="-s" />
				</Linker>
			</Target>
		</Build>
		<Compiler>
			<Add option="-Wall" />
			<Add option="-fexceptions" />
		</Compiler>
		<Unit filename="3disoelement.cpp" />
		<Unit filename="3disoelement.h" />
		<Unit filename="abssigneddistance.cpp" />
		<Unit filename="abssigneddistance.h" />
		<Unit filename="ansplate.cpp" />
		<Unit filename="ansplate.h" />
		<Unit filename="asymptoticfunction.h" />
		<Unit filename="auxiliaryfield.cpp" />
		<Unit filename="auxiliaryfield.h" />
		<Unit filename="bendingcrackasymp.h" />
		<Unit filename="bimatcrackasym.cpp" />
		<Unit filename="bimatcrackasymp.h" />
		<Unit filename="bodyload.h" />
		<Unit filename="boundary.cpp" />
		<Unit filename="boundary.h" />
		<Unit filename="circle.cpp" />
		<Unit filename="circle.h" />
		<Unit filename="clock.cpp" />
		<Unit filename="clock.h" />
		<Unit filename="column.cpp" />
		<Unit filename="column.h" />
		<Unit filename="compiler.DEF" />
		<Unit filename="constant.cpp" />
		<Unit filename="constant.h" />
		<Unit filename="constantstiffness.cpp" />
		<Unit filename="constantstiffness.h" />
		<Unit filename="crackasymptotic.h" />
		<Unit filename="crackgrowthdirectionlaw.cpp" />
		<Unit filename="crackgrowthdirectionlaw.h" />
		<Unit filename="crackgrowthincrementlaw.cpp" />
		<Unit filename="crackgrowthincrementlaw.h" />
		<Unit filename="crackinterior.cpp" />
		<Unit filename="crackinterior.h" />
		<Unit filename="crackjunction.cpp" />
		<Unit filename="crackjunction.h" />
		<Unit filename="cracktip.cpp" />
		<Unit filename="cracktip.h" />
		<Unit filename="deadwght.cpp" />
		<Unit filename="deadwght.h" />
		<Unit filename="debug.DEF" />
		<Unit filename="delaunay.cpp" />
		<Unit filename="delaunay.h" />
		<Unit filename="diagmtrx.cpp" />
		<Unit filename="diagmtrx.h" />
		<Unit filename="dictionr.cpp" />
		<Unit filename="dictionr.h" />
		<Unit filename="discontinuousfunction.cpp" />
		<Unit filename="discontinuousfunction.h" />
		<Unit filename="dof.cpp" />
		<Unit filename="dof.h" />
		<Unit filename="domain.cpp" />
		<Unit filename="domain.h" />
		<Unit filename="elasticmaterial.cpp" />
		<Unit filename="elasticmaterial.h" />
		<Unit filename="element.cpp" />
		<Unit filename="element.h" />
		<Unit filename="enrichmentdetector.cpp" />
		<Unit filename="enrichmentdetector.h" />
		<Unit filename="enrichmentfunction.cpp" />
		<Unit filename="enrichmentfunction.h" />
		<Unit filename="enrichmentitem.cpp" />
		<Unit filename="enrichmentitem.h" />
		<Unit filename="fei2dquadlin.cpp" />
		<Unit filename="fei2dquadlin.h" />
		<Unit filename="fei2dtrilin.cpp" />
		<Unit filename="fei2dtrilin.h" />
		<Unit filename="fei2dtriqua.cpp" />
		<Unit filename="fei2dtriquad.h" />
		<Unit filename="fei3dlineartetra.cpp" />
		<Unit filename="fei3dlineartetra.h" />
		<Unit filename="feinterpol.h" />
		<Unit filename="feinterpol2d.h" />
		<Unit filename="feinterpol3d.h" />
		<Unit filename="femcmpnn.cpp" />
		<Unit filename="femcmpnn.h" />
		<Unit filename="fixedincrement.cpp" />
		<Unit filename="fixedincrement.h" />
		<Unit filename="flormtrx.cpp" />
		<Unit filename="flotarry.cpp" />
		<Unit filename="flotarry.h" />
		<Unit filename="flotmtrx.h" />
		<Unit filename="freader.cpp" />
		<Unit filename="freader.h" />
		<Unit filename="freestor.cpp" />
		<Unit filename="freestor.h" />
		<Unit filename="functors.h" />
		<Unit filename="gausspnt.cpp" />
		<Unit filename="gausspnt.h" />
		<Unit filename="geometry_2D.cpp" />
		<Unit filename="geometry_2D.h" />
		<Unit filename="geometry_base.cpp" />
		<Unit filename="geometry_base.h" />
		<Unit filename="geometrydescription.cpp" />
		<Unit filename="geometrydescription.h" />
		<Unit filename="geometryentity.cpp" />
		<Unit filename="geometryentity.h" />
		<Unit filename="hole.cpp" />
		<Unit filename="hole.h" />
		<Unit filename="homogeneouscrackasym.cpp" />
		<Unit filename="homogeneouscrackasymp.h" />
		<Unit filename="initial.cpp" />
		<Unit filename="initial.h" />
		<Unit filename="intarray.cpp" />
		<Unit filename="intarray.h" />
		<Unit filename="integrationrule.cpp" />
		<Unit filename="integrationrule.h" />
		<Unit filename="junctionfunction.cpp" />
		<Unit filename="junctionfunction.h" />
		<Unit filename="levelsetdescription.cpp" />
		<Unit filename="levelsetdescription.h" />
		<Unit filename="lhs.cpp" />
		<Unit filename="lhs.h" />
		<Unit filename="linsyst.cpp" />
		<Unit filename="linsyst.h" />
		<Unit filename="list.cpp" />
		<Unit filename="list.h" />
		<Unit filename="load.cpp" />
		<Unit filename="load.h" />
		<Unit filename="loadtime.cpp" />
		<Unit filename="loadtime.h" />
		<Unit filename="main.cpp" />
		<Unit filename="material.cpp" />
		<Unit filename="material.h" />
		<Unit filename="materialinterface.cpp" />
		<Unit filename="materialinterface.h" />
		<Unit filename="mathfem.cpp" />
		<Unit filename="mathfem.h" />
		<Unit filename="mathutil.cpp" />
		<Unit filename="mathutil.h" />
		<Unit filename="matrix.cpp" />
		<Unit filename="matrix.h" />
		<Unit filename="matrixops.cpp" />
		<Unit filename="matrixops.h" />
		<Unit filename="maxhoopstress.cpp" />
		<Unit filename="maxhoopstress.h" />
		<Unit filename="mitc4.cpp" />
		<Unit filename="mitc4.h" />
		<Unit filename="modifiedhomocrackasymp.cpp" />
		<Unit filename="modifiedhomocrackasymp.h" />
		<Unit filename="newmark.cpp" />
		<Unit filename="newmark.h" />
		<Unit filename="newtonraphson.cpp" />
		<Unit filename="newtonraphson.h" />
		<Unit filename="nlsolver.cpp" />
		<Unit filename="nlsolver.h" />
		<Unit filename="node.cpp" />
		<Unit filename="node.h" />
		<Unit filename="nodload.cpp" />
		<Unit filename="nodload.h" />
		<Unit filename="nullmaterial.h" />
		<Unit filename="pair.h" />
		<Unit filename="peak.cpp" />
		<Unit filename="peak.h" />
		<Unit filename="piecewis.cpp" />
		<Unit filename="piecewis.h" />
		<Unit filename="piecewiselinear.cpp" />
		<Unit filename="piecewiselinear.h" />
		<Unit filename="planelast.cpp" />
		<Unit filename="planelast.h" />
		<Unit filename="planeproblem.cpp" />
		<Unit filename="planeproblem.h" />
		<Unit filename="plateiso.cpp" />
		<Unit filename="plateiso.h" />
		<Unit filename="plateiso4.cpp" />
		<Unit filename="plateiso4.h" />
		<Unit filename="polymtrx.cpp" />
		<Unit filename="polymtrx.h" />
		<Unit filename="polyno.h" />
		<Unit filename="polynoxy.cpp" />
		<Unit filename="polynoxy.h" />
		<Unit filename="quad_u.cpp" />
		<Unit filename="quad_u.h" />
		<Unit filename="samplingcriterion.cpp" />
		<Unit filename="samplingcriterion.h" />
		<Unit filename="skyline.cpp" />
		<Unit filename="skyline.h" />
		<Unit filename="sliceiters.h" />
		<Unit filename="splitgaussquadrature.cpp" />
		<Unit filename="splitgaussquadrature.h" />
		<Unit filename="standarddescriptio.cpp" />
		<Unit filename="standarddescription.h" />
		<Unit filename="standardquadrature.cpp" />
		<Unit filename="standardquadrature.h" />
		<Unit filename="static.h" />
		<Unit filename="stdafx.cpp" />
		<Unit filename="stdafx.h" />
		<Unit filename="stressarray.cpp" />
		<Unit filename="stressarray.h" />
		<Unit filename="string.cpp" />
		<Unit filename="string.h" />
		<Unit filename="tetra4.cpp" />
		<Unit filename="tetra4.h" />
		<Unit filename="timestep.cpp" />
		<Unit filename="timestep.h" />
		<Unit filename="timinteg.cpp" />
		<Unit filename="timinteg.h" />
		<Unit filename="tri6.cpp" />
		<Unit filename="tri6.h" />
		<Unit filename="tri_u.cpp" />
		<Unit filename="tri_u.h" />
		<Unit filename="vectorlevelsetdescription.h" />
		<Unit filename="verbose.DEF" />
		<Unit filename="vertex.cpp" />
		<Unit filename="vertex.h" />
		<Unit filename="voidenrichfunction.cpp" />
		<Unit filename="voidenrichfunction.h" />
		<Unit filename="vonmisesmaterial.cpp" />
		<Unit filename="vonmisesmaterial.h" />
		<Unit filename="vonmisesmaterial_h.cpp" />
		<Unit filename="vonmisesmaterial_h.h" />
		<Extensions>
			<code_completion />
			<envvars />
			<debugger />
			<lib_finder disable_auto="1" />
		</Extensions>
	</Project>
</CodeBlocks_project_file>
